
Microsoft Visual Studio Solution File, Format Version 12.00
# Visual Studio Version 17
VisualStudioVersion = 17.0.31903.59
MinimumVisualStudioVersion = 10.0.40219.1
Project("{FAE04EC0-301F-11D3-BF4B-00C04F79EFBC}") = "FinalProject.Web", "FinalProject.Web\FinalProject.Web.csproj", "{9ECEB035-72AC-4715-B6D1-AF33D6823085}"
EndProject
Project("{FAE04EC0-301F-11D3-BF4B-00C04F79EFBC}") = "FinalProject.Data", "FinalProject.Data\FinalProject.Data.csproj", "{F5CC58C8-74D5-4F4F-B8FE-38E05BB22B92}"
EndProject
Global
	GlobalSection(SolutionConfigurationPlatforms) = preSolution
		Debug|Any CPU = Debug|Any CPU
		Release|Any CPU = Release|Any CPU
	EndGlobalSection
	GlobalSection(SolutionProperties) = preSolution
		HideSolutionNode = FALSE
	EndGlobalSection
	GlobalSection(ProjectConfigurationPlatforms) = postSolution
		{9ECEB035-72AC-4715-B6D1-AF33D6823085}.Debug|Any CPU.ActiveCfg = Debug|Any CPU
		{9ECEB035-72AC-4715-B6D1-AF33D6823085}.Debug|Any CPU.Build.0 = Debug|Any CPU
		{9ECEB035-72AC-4715-B6D1-AF33D6823085}.Release|Any CPU.ActiveCfg = Release|Any CPU
		{9ECEB035-72AC-4715-B6D1-AF33D6823085}.Release|Any CPU.Build.0 = Release|Any CPU
		{F5CC58C8-74D5-4F4F-B8FE-38E05BB22B92}.Debug|Any CPU.ActiveCfg = Debug|Any CPU
		{F5CC58C8-74D5-4F4F-B8FE-38E05BB22B92}.Debug|Any CPU.Build.0 = Debug|Any CPU
		{F5CC58C8-74D5-4F4F-B8FE-38E05BB22B92}.Release|Any CPU.ActiveCfg = Release|Any CPU
		{F5CC58C8-74D5-4F4F-B8FE-38E05BB22B92}.Release|Any CPU.Build.0 = Release|Any CPU
	EndGlobalSection
EndGlobal
